
Microsoft Visual Studio Solution File, Format Version 12.00
# Visual Studio 15
VisualStudioVersion = 15.0.27130.2027
MinimumVisualStudioVersion = 10.0.40219.1
Project("{9A19103F-16F7-4668-BE54-9A1E7A4F7556}") = "WorkingWithVisualStudio", "WorkingWithVisualStudio\WorkingWithVisualStudio.csproj", "{145DD442-80B2-4393-83C0-026BF3F6D72D}"
EndProject
Project("{FAE04EC0-301F-11D3-BF4B-00C04F79EFBC}") = "WorkingWithVisualStudio.Tests", "WorkingWithVisualStudio.Tests\WorkingWithVisualStudio.Tests.csproj", "{6C931C2A-525F-42BD-B5E2-8271ABE2C146}"
EndProject
Global
	GlobalSection(SolutionConfigurationPlatforms) = preSolution
		Debug|Any CPU = Debug|Any CPU
		Release|Any CPU = Release|Any CPU
	EndGlobalSection
	GlobalSection(ProjectConfigurationPlatforms) = postSolution
		{145DD442-80B2-4393-83C0-026BF3F6D72D}.Debug|Any CPU.ActiveCfg = Debug|Any CPU
		{145DD442-80B2-4393-83C0-026BF3F6D72D}.Debug|Any CPU.Build.0 = Debug|Any CPU
		{145DD442-80B2-4393-83C0-026BF3F6D72D}.Release|Any CPU.ActiveCfg = Release|Any CPU
		{145DD442-80B2-4393-83C0-026BF3F6D72D}.Release|Any CPU.Build.0 = Release|Any CPU
		{6C931C2A-525F-42BD-B5E2-8271ABE2C146}.Debug|Any CPU.ActiveCfg = Debug|Any CPU
		{6C931C2A-525F-42BD-B5E2-8271ABE2C146}.Debug|Any CPU.Build.0 = Debug|Any CPU
		{6C931C2A-525F-42BD-B5E2-8271ABE2C146}.Release|Any CPU.ActiveCfg = Release|Any CPU
		{6C931C2A-525F-42BD-B5E2-8271ABE2C146}.Release|Any CPU.Build.0 = Release|Any CPU
	EndGlobalSection
	GlobalSection(SolutionProperties) = preSolution
		HideSolutionNode = FALSE
	EndGlobalSection
	GlobalSection(ExtensibilityGlobals) = postSolution
		SolutionGuid = {EDEABC3F-9475-4EDD-9EEE-EB1F944C2654}
	EndGlobalSection
EndGlobal
